
Microsoft Visual Studio Solution File, Format Version 12.00
# Visual Studio Version 17
VisualStudioVersion = 17.3.32901.215
MinimumVisualStudioVersion = 10.0.40219.1
Project("{FAE04EC0-301F-11D3-BF4B-00C04F79EFBC}") = "P4_1_1214074", "P4_1_1214074\P4_1_1214074.csproj", "{5F3911B9-CE5F-4A21-B231-3EEE5EA9330C}"
EndProject
Global
	GlobalSection(SolutionConfigurationPlatforms) = preSolution
		Debug|Any CPU = Debug|Any CPU
		Release|Any CPU = Release|Any CPU
	EndGlobalSection
	GlobalSection(ProjectConfigurationPlatforms) = postSolution
		{5F3911B9-CE5F-4A21-B231-3EEE5EA9330C}.Debug|Any CPU.ActiveCfg = Debug|Any CPU
		{5F3911B9-CE5F-4A21-B231-3EEE5EA9330C}.Debug|Any CPU.Build.0 = Debug|Any CPU
		{5F3911B9-CE5F-4A21-B231-3EEE5EA9330C}.Release|Any CPU.ActiveCfg = Release|Any CPU
		{5F3911B9-CE5F-4A21-B231-3EEE5EA9330C}.Release|Any CPU.Build.0 = Release|Any CPU
	EndGlobalSection
	GlobalSection(SolutionProperties) = preSolution
		HideSolutionNode = FALSE
	EndGlobalSection
	GlobalSection(ExtensibilityGlobals) = postSolution
		SolutionGuid = {64D0BFC7-E252-40BB-94F5-3C6B372D110B}
	EndGlobalSection
EndGlobal
